{
  "object": {
    "pins": [
      {
        "package": "SDL2",
        "repositoryURL": "https://github.com/fjtrujy/SwiftSDL2.git",
        "state": {
          "branch": "master",
          "revision": "83a8b169bdefb4579aa530209209784912c3d4d1",
          "version": null
        }
      }
    ]
  },
  "version": 1
}
