{
  "object": {
    "pins": [
      {
        "package": "SDL2",
        "repositoryURL": "https://github.com/fjtrujy/SwiftSDL2.git",
        "state": {
          "branch": "android-test",
          "revision": "684cbc591bd1e5d19fb4bab24302b3c93455bc58",
          "version": null
        }
      }
    ]
  },
  "version": 1
}
